
Microsoft Visual Studio Solution File, Format Version 12.00
# Visual Studio Version 16
VisualStudioVersion = 16.0.31702.278
MinimumVisualStudioVersion = 10.0.40219.1
Project("{FAE04EC0-301F-11D3-BF4B-00C04F79EFBC}") = "InformeTqERegiao", "InformeTqERegiao\InformeTqERegiao.csproj", "{AC73B2AF-2302-4B0F-97D3-341467A33B8E}"
EndProject
Global
	GlobalSection(SolutionConfigurationPlatforms) = preSolution
		Debug|Any CPU = Debug|Any CPU
		Release|Any CPU = Release|Any CPU
	EndGlobalSection
	GlobalSection(ProjectConfigurationPlatforms) = postSolution
		{AC73B2AF-2302-4B0F-97D3-341467A33B8E}.Debug|Any CPU.ActiveCfg = Debug|Any CPU
		{AC73B2AF-2302-4B0F-97D3-341467A33B8E}.Debug|Any CPU.Build.0 = Debug|Any CPU
		{AC73B2AF-2302-4B0F-97D3-341467A33B8E}.Release|Any CPU.ActiveCfg = Release|Any CPU
		{AC73B2AF-2302-4B0F-97D3-341467A33B8E}.Release|Any CPU.Build.0 = Release|Any CPU
	EndGlobalSection
	GlobalSection(SolutionProperties) = preSolution
		HideSolutionNode = FALSE
	EndGlobalSection
	GlobalSection(ExtensibilityGlobals) = postSolution
		SolutionGuid = {EBF00B95-5748-423F-8851-15A5D0B02B51}
	EndGlobalSection
EndGlobal
